
Microsoft Visual Studio Solution File, Format Version 12.00
# Visual Studio Version 16
VisualStudioVersion = 16.0.30711.63
MinimumVisualStudioVersion = 10.0.40219.1
Project("{9A19103F-16F7-4668-BE54-9A1E7A4F7556}") = "FirstDemo", "FirstDemo\FirstDemo.csproj", "{EC367A9E-6AC7-4DDC-9A25-B6CD13D1A98E}"
EndProject
Project("{9A19103F-16F7-4668-BE54-9A1E7A4F7556}") = "FirstWebDemo", "FirstWebDemo\FirstWebDemo.csproj", "{5B6F74D0-58FA-4B02-9F30-E60981C0FE23}"
EndProject
Project("{9A19103F-16F7-4668-BE54-9A1E7A4F7556}") = "StatisticalAnalysis", "StatisticalAnalysis\StatisticalAnalysis.csproj", "{D2DA615C-3CA9-4121-9244-D094EE58DF14}"
EndProject
Project("{9A19103F-16F7-4668-BE54-9A1E7A4F7556}") = "Common", "Common\Common.csproj", "{A52DCE1C-C102-48BC-A561-559BC41E9924}"
EndProject
Project("{FAE04EC0-301F-11D3-BF4B-00C04F79EFBC}") = "DB", "DB\DB.csproj", "{CAA26E6E-F4C3-4416-88FC-F76A1C549E1A}"
EndProject
Global
	GlobalSection(SolutionConfigurationPlatforms) = preSolution
		Debug|Any CPU = Debug|Any CPU
		Release|Any CPU = Release|Any CPU
	EndGlobalSection
	GlobalSection(ProjectConfigurationPlatforms) = postSolution
		{EC367A9E-6AC7-4DDC-9A25-B6CD13D1A98E}.Debug|Any CPU.ActiveCfg = Debug|Any CPU
		{EC367A9E-6AC7-4DDC-9A25-B6CD13D1A98E}.Debug|Any CPU.Build.0 = Debug|Any CPU
		{EC367A9E-6AC7-4DDC-9A25-B6CD13D1A98E}.Release|Any CPU.ActiveCfg = Release|Any CPU
		{EC367A9E-6AC7-4DDC-9A25-B6CD13D1A98E}.Release|Any CPU.Build.0 = Release|Any CPU
		{5B6F74D0-58FA-4B02-9F30-E60981C0FE23}.Debug|Any CPU.ActiveCfg = Debug|Any CPU
		{5B6F74D0-58FA-4B02-9F30-E60981C0FE23}.Debug|Any CPU.Build.0 = Debug|Any CPU
		{5B6F74D0-58FA-4B02-9F30-E60981C0FE23}.Release|Any CPU.ActiveCfg = Release|Any CPU
		{5B6F74D0-58FA-4B02-9F30-E60981C0FE23}.Release|Any CPU.Build.0 = Release|Any CPU
		{D2DA615C-3CA9-4121-9244-D094EE58DF14}.Debug|Any CPU.ActiveCfg = Debug|Any CPU
		{D2DA615C-3CA9-4121-9244-D094EE58DF14}.Debug|Any CPU.Build.0 = Debug|Any CPU
		{D2DA615C-3CA9-4121-9244-D094EE58DF14}.Release|Any CPU.ActiveCfg = Release|Any CPU
		{D2DA615C-3CA9-4121-9244-D094EE58DF14}.Release|Any CPU.Build.0 = Release|Any CPU
		{A52DCE1C-C102-48BC-A561-559BC41E9924}.Debug|Any CPU.ActiveCfg = Debug|Any CPU
		{A52DCE1C-C102-48BC-A561-559BC41E9924}.Debug|Any CPU.Build.0 = Debug|Any CPU
		{A52DCE1C-C102-48BC-A561-559BC41E9924}.Release|Any CPU.ActiveCfg = Release|Any CPU
		{A52DCE1C-C102-48BC-A561-559BC41E9924}.Release|Any CPU.Build.0 = Release|Any CPU
		{CAA26E6E-F4C3-4416-88FC-F76A1C549E1A}.Debug|Any CPU.ActiveCfg = Debug|Any CPU
		{CAA26E6E-F4C3-4416-88FC-F76A1C549E1A}.Debug|Any CPU.Build.0 = Debug|Any CPU
		{CAA26E6E-F4C3-4416-88FC-F76A1C549E1A}.Release|Any CPU.ActiveCfg = Release|Any CPU
		{CAA26E6E-F4C3-4416-88FC-F76A1C549E1A}.Release|Any CPU.Build.0 = Release|Any CPU
	EndGlobalSection
	GlobalSection(SolutionProperties) = preSolution
		HideSolutionNode = FALSE
	EndGlobalSection
	GlobalSection(ExtensibilityGlobals) = postSolution
		SolutionGuid = {B6A7F5F4-13CA-4EA5-A6AC-FB2DB11BE638}
	EndGlobalSection
EndGlobal
